
Microsoft Visual Studio Solution File, Format Version 12.00
# Visual Studio Version 16
VisualStudioVersion = 16.0.30804.86
MinimumVisualStudioVersion = 10.0.40219.1
Project("{FAE04EC0-301F-11D3-BF4B-00C04F79EFBC}") = "PortKnocking", "PortKnocking.csproj", "{F216630B-54AA-4C66-9A2B-C7F91CCBC20B}"
EndProject
Global
	GlobalSection(SolutionConfigurationPlatforms) = preSolution
		Debug|Any CPU = Debug|Any CPU
		Release|Any CPU = Release|Any CPU
	EndGlobalSection
	GlobalSection(ProjectConfigurationPlatforms) = postSolution
		{F216630B-54AA-4C66-9A2B-C7F91CCBC20B}.Debug|Any CPU.ActiveCfg = Debug|Any CPU
		{F216630B-54AA-4C66-9A2B-C7F91CCBC20B}.Debug|Any CPU.Build.0 = Debug|Any CPU
		{F216630B-54AA-4C66-9A2B-C7F91CCBC20B}.Release|Any CPU.ActiveCfg = Release|Any CPU
		{F216630B-54AA-4C66-9A2B-C7F91CCBC20B}.Release|Any CPU.Build.0 = Release|Any CPU
	EndGlobalSection
	GlobalSection(SolutionProperties) = preSolution
		HideSolutionNode = FALSE
	EndGlobalSection
	GlobalSection(ExtensibilityGlobals) = postSolution
		SolutionGuid = {F5C03AB0-7016-4BF2-8E68-FC04D4ABAF23}
	EndGlobalSection
EndGlobal
